
Microsoft Visual Studio Solution File, Format Version 12.00
# Visual Studio Version 16
VisualStudioVersion = 16.0.30907.101
MinimumVisualStudioVersion = 10.0.40219.1
Project("{FAE04EC0-301F-11D3-BF4B-00C04F79EFBC}") = "BlogProject.Shared", "BlogProject.Shared\BlogProject.Shared.csproj", "{F44DD820-2021-45EC-8D00-B20E0949BA0B}"
EndProject
Project("{FAE04EC0-301F-11D3-BF4B-00C04F79EFBC}") = "BlogProject.Entities", "BlogProject.Entities\BlogProject.Entities.csproj", "{38D5776E-7EE2-4EC9-B2B1-F845D786A619}"
EndProject
Project("{FAE04EC0-301F-11D3-BF4B-00C04F79EFBC}") = "BlogProject.Data", "BlogProject.Data\BlogProject.Data.csproj", "{018B06EC-7EEC-4541-94CD-7BCCB1D59A87}"
EndProject
Project("{FAE04EC0-301F-11D3-BF4B-00C04F79EFBC}") = "BlogProject.Service", "BlogProject.Service\BlogProject.Service.csproj", "{A25C6BB9-A1AB-4891-B47C-161631EE588A}"
EndProject
Project("{FAE04EC0-301F-11D3-BF4B-00C04F79EFBC}") = "BlogProject.Mvc", "BlogProject.Mvc\BlogProject.Mvc.csproj", "{390E2DD4-A70B-4E99-B5C3-7A63909DEC55}"
EndProject
Global
	GlobalSection(SolutionConfigurationPlatforms) = preSolution
		Debug|Any CPU = Debug|Any CPU
		Release|Any CPU = Release|Any CPU
	EndGlobalSection
	GlobalSection(ProjectConfigurationPlatforms) = postSolution
		{F44DD820-2021-45EC-8D00-B20E0949BA0B}.Debug|Any CPU.ActiveCfg = Debug|Any CPU
		{F44DD820-2021-45EC-8D00-B20E0949BA0B}.Debug|Any CPU.Build.0 = Debug|Any CPU
		{F44DD820-2021-45EC-8D00-B20E0949BA0B}.Release|Any CPU.ActiveCfg = Release|Any CPU
		{F44DD820-2021-45EC-8D00-B20E0949BA0B}.Release|Any CPU.Build.0 = Release|Any CPU
		{38D5776E-7EE2-4EC9-B2B1-F845D786A619}.Debug|Any CPU.ActiveCfg = Debug|Any CPU
		{38D5776E-7EE2-4EC9-B2B1-F845D786A619}.Debug|Any CPU.Build.0 = Debug|Any CPU
		{38D5776E-7EE2-4EC9-B2B1-F845D786A619}.Release|Any CPU.ActiveCfg = Release|Any CPU
		{38D5776E-7EE2-4EC9-B2B1-F845D786A619}.Release|Any CPU.Build.0 = Release|Any CPU
		{018B06EC-7EEC-4541-94CD-7BCCB1D59A87}.Debug|Any CPU.ActiveCfg = Debug|Any CPU
		{018B06EC-7EEC-4541-94CD-7BCCB1D59A87}.Debug|Any CPU.Build.0 = Debug|Any CPU
		{018B06EC-7EEC-4541-94CD-7BCCB1D59A87}.Release|Any CPU.ActiveCfg = Release|Any CPU
		{018B06EC-7EEC-4541-94CD-7BCCB1D59A87}.Release|Any CPU.Build.0 = Release|Any CPU
		{A25C6BB9-A1AB-4891-B47C-161631EE588A}.Debug|Any CPU.ActiveCfg = Debug|Any CPU
		{A25C6BB9-A1AB-4891-B47C-161631EE588A}.Debug|Any CPU.Build.0 = Debug|Any CPU
		{A25C6BB9-A1AB-4891-B47C-161631EE588A}.Release|Any CPU.ActiveCfg = Release|Any CPU
		{A25C6BB9-A1AB-4891-B47C-161631EE588A}.Release|Any CPU.Build.0 = Release|Any CPU
		{390E2DD4-A70B-4E99-B5C3-7A63909DEC55}.Debug|Any CPU.ActiveCfg = Debug|Any CPU
		{390E2DD4-A70B-4E99-B5C3-7A63909DEC55}.Debug|Any CPU.Build.0 = Debug|Any CPU
		{390E2DD4-A70B-4E99-B5C3-7A63909DEC55}.Release|Any CPU.ActiveCfg = Release|Any CPU
		{390E2DD4-A70B-4E99-B5C3-7A63909DEC55}.Release|Any CPU.Build.0 = Release|Any CPU
	EndGlobalSection
	GlobalSection(SolutionProperties) = preSolution
		HideSolutionNode = FALSE
	EndGlobalSection
	GlobalSection(ExtensibilityGlobals) = postSolution
		SolutionGuid = {F86F36BB-EF1B-4AB9-AD15-F2FBCE05F25C}
	EndGlobalSection
EndGlobal
